// !$*UTF8*$!
{
	archiveVersion = 1;
	classes = {
	};
	objectVersion = 77;
	objects = {

/* Begin PBXBuildFile section */
		1C8B9F678D8800A443A17E4B /* Pods_OfflineTube.framework in Frameworks */ = {isa = PBXBuildFile; fileRef = EE35A819AB0B556E927EA15F /* Pods_OfflineTube.framework */; };
		F8D9D2F72DC9B8E2001BF62B /* AppDelegate.swift in Sources */ = {isa = PBXBuildFile; fileRef = F8D9D2F62DC9B8E2001BF62B /* AppDelegate.swift */; };
		F8D9D2F92DC9B8E2001BF62B /* SceneDelegate.swift in Sources */ = {isa = PBXBuildFile; fileRef = F8D9D2F82DC9B8E2001BF62B /* SceneDelegate.swift */; };
		F8D9D2FB2DC9B8E2001BF62B /* ContentView.swift in Sources */ = {isa = PBXBuildFile; fileRef = F8D9D2FA2DC9B8E2001BF62B /* ContentView.swift */; };
		F8D9D2FD2DC9B8E3001BF62B /* Assets.xcassets in Resources */ = {isa = PBXBuildFile; fileRef = F8D9D2FC2DC9B8E3001BF62B /* Assets.xcassets */; };
		F8D9D3002DC9B8E3001BF62B /* Preview Assets.xcassets in Resources */ = {isa = PBXBuildFile; fileRef = F8D9D2FF2DC9B8E3001BF62B /* Preview Assets.xcassets */; };
		F8D9D3022DC9B8E3001BF62B /* WebContentManager.swift in Sources */ = {isa = PBXBuildFile; fileRef = F8D9D3012DC9B8E3001BF62B /* WebContentManager.swift */; };
		F8D9D3052DC9B8E3001BF62B /* ViewController.swift in Sources */ = {isa = PBXBuildFile; fileRef = F8D9D3042DC9B8E3001BF62B /* ViewController.swift */; };
/* End PBXBuildFile section */

/* Begin PBXContainerItemProxy section */
		F8D9D3012DC9B8E3001BF62B /* PBXContainerItemProxy */ = {
			isa = PBXContainerItemProxy;
			containerPortal = F8D9D2EB2DC9B8E2001BF62B /* Project object */;
			proxyType = 1;
			remoteGlobalIDString = F8D9D2F22DC9B8E2001BF62B;
			remoteInfo = OfflineTube;
		};
		F8D9D30B2DC9B8E3001BF62B /* PBXContainerItemProxy */ = {
			isa = PBXContainerItemProxy;
			containerPortal = F8D9D2EB2DC9B8E2001BF62B /* Project object */;
			proxyType = 1;
			remoteGlobalIDString = F8D9D2F22DC9B8E2001BF62B;
			remoteInfo = OfflineTube;
		};
/* End PBXContainerItemProxy section */

/* Begin PBXFileReference section */
		0BE052C3B38266473DF44BF6 /* Pods-OfflineTube.debug.xcconfig */ = {isa = PBXFileReference; includeInIndex = 1; lastKnownFileType = text.xcconfig; name = "Pods-OfflineTube.debug.xcconfig"; path = "Target Support Files/Pods-OfflineTube/Pods-OfflineTube.debug.xcconfig"; sourceTree = "<group>"; };
		41E271AC07E644B90CFCB663 /* Pods-OfflineTube.release.xcconfig */ = {isa = PBXFileReference; includeInIndex = 1; lastKnownFileType = text.xcconfig; name = "Pods-OfflineTube.release.xcconfig"; path = "Target Support Files/Pods-OfflineTube/Pods-OfflineTube.release.xcconfig"; sourceTree = "<group>"; };
		EE35A819AB0B556E927EA15F /* Pods_OfflineTube.framework */ = {isa = PBXFileReference; explicitFileType = wrapper.framework; includeInIndex = 0; path = Pods_OfflineTube.framework; sourceTree = BUILT_PRODUCTS_DIR; };
		F8D9D2F32DC9B8E2001BF62B /* OfflineTube.app */ = {isa = PBXFileReference; explicitFileType = wrapper.application; includeInIndex = 0; path = OfflineTube.app; sourceTree = BUILT_PRODUCTS_DIR; };
		F8D9D3002DC9B8E3001BF62B /* OfflineTubeTests.xctest */ = {isa = PBXFileReference; explicitFileType = wrapper.cfbundle; includeInIndex = 0; path = OfflineTubeTests.xctest; sourceTree = BUILT_PRODUCTS_DIR; };
		F8D9D30A2DC9B8E3001BF62B /* OfflineTubeUITests.xctest */ = {isa = PBXFileReference; explicitFileType = wrapper.cfbundle; includeInIndex = 0; path = OfflineTubeUITests.xctest; sourceTree = BUILT_PRODUCTS_DIR; };
/* End PBXFileReference section */

/* Begin PBXFileSystemSynchronizedRootGroup section */
		F8D9D2F52DC9B8E2001BF62B /* OfflineTube */ = {
			isa = PBXFileSystemSynchronizedRootGroup;
			exceptions = (
			);
			path = OfflineTube;
			sourceTree = "<group>";
		};
		F8D9D3032DC9B8E3001BF62B /* OfflineTubeTests */ = {
			isa = PBXFileSystemSynchronizedRootGroup;
			exceptions = (
			);
			path = OfflineTubeTests;
			sourceTree = "<group>";
		};
		F8D9D30D2DC9B8E3001BF62B /* OfflineTubeUITests */ = {
			isa = PBXFileSystemSynchronizedRootGroup;
			exceptions = (
			);
			path = OfflineTubeUITests;
			sourceTree = "<group>";
		};
/* End PBXFileSystemSynchronizedRootGroup section */

/* Begin PBXFrameworksBuildPhase section */
		F8D9D2F02DC9B8E2001BF62B /* Frameworks */ = {
			isa = PBXFrameworksBuildPhase;
			buildActionMask = 2147483647;
			files = (
				1C8B9F678D8800A443A17E4B /* Pods_OfflineTube.framework in Frameworks */,
			);
			runOnlyForDeploymentPostprocessing = 0;
		};
		F8D9D2FD2DC9B8E3001BF62B /* Frameworks */ = {
			isa = PBXFrameworksBuildPhase;
			buildActionMask = 2147483647;
			files = (
			);
			runOnlyForDeploymentPostprocessing = 0;
		};
		F8D9D3072DC9B8E3001BF62B /* Frameworks */ = {
			isa = PBXFrameworksBuildPhase;
			buildActionMask = 2147483647;
			files = (
			);
			runOnlyForDeploymentPostprocessing = 0;
		};
/* End PBXFrameworksBuildPhase section */

/* Begin PBXGroup section */
		05AEB4A7893A9A103487EEF3 /* Pods */ = {
			isa = PBXGroup;
			children = (
				0BE052C3B38266473DF44BF6 /* Pods-OfflineTube.debug.xcconfig */,
				41E271AC07E644B90CFCB663 /* Pods-OfflineTube.release.xcconfig */,
			);
			name = Pods;
			path = ../Pods;
			sourceTree = "<group>";
		};
		5313CD16FAB1F965BAD1F797 /* Frameworks */ = {
			isa = PBXGroup;
			children = (
				EE35A819AB0B556E927EA15F /* Pods_OfflineTube.framework */,
			);
			name = Frameworks;
			sourceTree = "<group>";
		};
		F8D9D2EA2DC9B8E2001BF62B = {
			isa = PBXGroup;
			children = (
				F8D9D2F52DC9B8E2001BF62B /* OfflineTube */,
				F8D9D3032DC9B8E3001BF62B /* OfflineTubeTests */,
				F8D9D30D2DC9B8E3001BF62B /* OfflineTubeUITests */,
				F8D9D2F42DC9B8E2001BF62B /* Products */,
				05AEB4A7893A9A103487EEF3 /* Pods */,
				5313CD16FAB1F965BAD1F797 /* Frameworks */,
			);
			sourceTree = "<group>";
		};
		F8D9D2F42DC9B8E2001BF62B /* Products */ = {
			isa = PBXGroup;
			children = (
				F8D9D2F32DC9B8E2001BF62B /* OfflineTube.app */,
				F8D9D3002DC9B8E3001BF62B /* OfflineTubeTests.xctest */,
				F8D9D30A2DC9B8E3001BF62B /* OfflineTubeUITests.xctest */,
			);
			name = Products;
			sourceTree = "<group>";
		};
/* End PBXGroup section */

/* Begin PBXNativeTarget section */
		F8D9D2F22DC9B8E2001BF62B /* OfflineTube */ = {
			isa = PBXNativeTarget;
			buildConfigurationList = F8D9D3142DC9B8E3001BF62B /* Build configuration list for PBXNativeTarget "OfflineTube" */;
			buildPhases = (
				610E4D714BFB35417387318D /* [CP] Check Pods Manifest.lock */,
				F8D9D2EF2DC9B8E2001BF62B /* Sources */,
				F8D9D2F02DC9B8E2001BF62B /* Frameworks */,
				F8D9D2F12DC9B8E2001BF62B /* Resources */,
				55BF893A1EF69DB68011DFFC /* [CP] Embed Pods Frameworks */,
				F8D9D3D72DC9C1F0001BF62B /* Copy Web Assets */,
			);
			buildRules = (
			);
			dependencies = (
			);
			fileSystemSynchronizedGroups = (
				F8D9D2F52DC9B8E2001BF62B /* OfflineTube */,
			);
			name = OfflineTube;
			productName = OfflineTube;
			productReference = F8D9D2F32DC9B8E2001BF62B /* OfflineTube.app */;
			productType = "com.apple.product-type.application";
		};
		F8D9D2FF2DC9B8E3001BF62B /* OfflineTubeTests */ = {
			isa = PBXNativeTarget;
			buildConfigurationList = F8D9D3172DC9B8E3001BF62B /* Build configuration list for PBXNativeTarget "OfflineTubeTests" */;
			buildPhases = (
				F8D9D2FC2DC9B8E3001BF62B /* Sources */,
				F8D9D2FD2DC9B8E3001BF62B /* Frameworks */,
				F8D9D2FE2DC9B8E3001BF62B /* Resources */,
			);
			buildRules = (
			);
			dependencies = (
				F8D9D3022DC9B8E3001BF62B /* PBXTargetDependency */,
			);
			fileSystemSynchronizedGroups = (
				F8D9D3032DC9B8E3001BF62B /* OfflineTubeTests */,
			);
			name = OfflineTubeTests;
			productName = OfflineTubeTests;
			productReference = F8D9D3002DC9B8E3001BF62B /* OfflineTubeTests.xctest */;
			productType = "com.apple.product-type.bundle.unit-test";
		};
		F8D9D3092DC9B8E3001BF62B /* OfflineTubeUITests */ = {
			isa = PBXNativeTarget;
			buildConfigurationList = F8D9D31A2DC9B8E3001BF62B /* Build configuration list for PBXNativeTarget "OfflineTubeUITests" */;
			buildPhases = (
				F8D9D3062DC9B8E3001BF62B /* Sources */,
				F8D9D3072DC9B8E3001BF62B /* Frameworks */,
				F8D9D3082DC9B8E3001BF62B /* Resources */,
			);
			buildRules = (
			);
			dependencies = (
				F8D9D30C2DC9B8E3001BF62B /* PBXTargetDependency */,
			);
			fileSystemSynchronizedGroups = (
				F8D9D30D2DC9B8E3001BF62B /* OfflineTubeUITests */,
			);
			name = OfflineTubeUITests;
			productName = OfflineTubeUITests;
			productReference = F8D9D30A2DC9B8E3001BF62B /* OfflineTubeUITests.xctest */;
			productType = "com.apple.product-type.bundle.ui-testing";
		};
/* End PBXNativeTarget section */

/* Begin PBXProject section */
		F8D9D2EB2DC9B8E2001BF62B /* Project object */ = {
			isa = PBXProject;
			attributes = {
				BuildIndependentTargetsInParallel = 1;
				LastSwiftUpdateCheck = 1630;
				LastUpgradeCheck = 1630;
				TargetAttributes = {
					F8D9D2F22DC9B8E2001BF62B = {
						CreatedOnToolsVersion = 16.3;
					};
					F8D9D2FF2DC9B8E3001BF62B = {
						CreatedOnToolsVersion = 16.3;
						TestTargetID = F8D9D2F22DC9B8E2001BF62B;
					};
					F8D9D3092DC9B8E3001BF62B = {
						CreatedOnToolsVersion = 16.3;
						TestTargetID = F8D9D2F22DC9B8E2001BF62B;
					};
				};
			};
			buildConfigurationList = F8D9D2EE2DC9B8E2001BF62B /* Build configuration list for PBXProject "OfflineTube" */;
			developmentRegion = en;
			hasScannedForEncodings = 0;
			knownRegions = (
				en,
				Base,
			);
			mainGroup = F8D9D2EA2DC9B8E2001BF62B;
			minimizedProjectReferenceProxies = 1;
			preferredProjectObjectVersion = 77;
			productRefGroup = F8D9D2F42DC9B8E2001BF62B /* Products */;
			projectDirPath = "";
			projectRoot = "";
			targets = (
				F8D9D2F22DC9B8E2001BF62B /* OfflineTube */,
				F8D9D2FF2DC9B8E3001BF62B /* OfflineTubeTests */,
				F8D9D3092DC9B8E3001BF62B /* OfflineTubeUITests */,
			);
		};
/* End PBXProject section */

/* Begin PBXResourcesBuildPhase section */
		F8D9D2F12DC9B8E2001BF62B /* Resources */ = {
			isa = PBXResourcesBuildPhase;
			buildActionMask = 2147483647;
			files = (
			);
			runOnlyForDeploymentPostprocessing = 0;
		};
		F8D9D2FE2DC9B8E3001BF62B /* Resources */ = {
			isa = PBXResourcesBuildPhase;
			buildActionMask = 2147483647;
			files = (
			);
			runOnlyForDeploymentPostprocessing = 0;
		};
		F8D9D3082DC9B8E3001BF62B /* Resources */ = {
			isa = PBXResourcesBuildPhase;
			buildActionMask = 2147483647;
			files = (
			);
			runOnlyForDeploymentPostprocessing = 0;
		};
/* End PBXResourcesBuildPhase section */

/* Begin PBXShellScriptBuildPhase section */
		55BF893A1EF69DB68011DFFC /* [CP] Embed Pods Frameworks */ = {
			isa = PBXShellScriptBuildPhase;
			buildActionMask = 2147483647;
			files = (
			);
			inputFileListPaths = (
				"${PODS_ROOT}/Target Support Files/Pods-OfflineTube/Pods-OfflineTube-frameworks-${CONFIGURATION}-input-files.xcfilelist",
			);
			name = "[CP] Embed Pods Frameworks";
			outputFileListPaths = (
				"${PODS_ROOT}/Target Support Files/Pods-OfflineTube/Pods-OfflineTube-frameworks-${CONFIGURATION}-output-files.xcfilelist",
			);
			runOnlyForDeploymentPostprocessing = 0;
			shellPath = /bin/sh;
			shellScript = "\"${PODS_ROOT}/Target Support Files/Pods-OfflineTube/Pods-OfflineTube-frameworks.sh\"\n";
			showEnvVarsInLog = 0;
		};
		610E4D714BFB35417387318D /* [CP] Check Pods Manifest.lock */ = {
			isa = PBXShellScriptBuildPhase;
			buildActionMask = 2147483647;
			files = (
			);
			inputFileListPaths = (
			);
			inputPaths = (
				"${PODS_PODFILE_DIR_PATH}/Podfile.lock",
				"${PODS_ROOT}/Manifest.lock",
			);
			name = "[CP] Check Pods Manifest.lock";
			outputFileListPaths = (
			);
			outputPaths = (
				"$(DERIVED_FILE_DIR)/Pods-OfflineTube-checkManifestLockResult.txt",
			);
			runOnlyForDeploymentPostprocessing = 0;
			shellPath = /bin/sh;
			shellScript = "diff \"${PODS_PODFILE_DIR_PATH}/Podfile.lock\" \"${PODS_ROOT}/Manifest.lock\" > /dev/null\nif [ $? != 0 ] ; then\n    # print error to STDERR\n    echo \"error: The sandbox is not in sync with the Podfile.lock. Run 'pod install' or update your CocoaPods installation.\" >&2\n    exit 1\nfi\n# This output is used by Xcode 'outputs' to avoid re-running this script phase.\necho \"SUCCESS\" > \"${SCRIPT_OUTPUT_FILE_0}\"\n";
			showEnvVarsInLog = 0;
		};
		F8D9D3D72DC9C1F0001BF62B /* Copy Web Assets */ = {
			isa = PBXShellScriptBuildPhase;
			buildActionMask = 2147483647;
			files = (
			);
			inputFileListPaths = (
			);
			inputPaths = (
			);
			name = "Copy Web Assets";
			outputFileListPaths = (
			);
			outputPaths = (
			);
			runOnlyForDeploymentPostprocessing = 0;
			shellPath = /bin/sh;
			shellScript = "${SRCROOT}/copy-web-assets.sh\n";
		};
/* End PBXShellScriptBuildPhase section */

/* Begin PBXSourcesBuildPhase section */
		F8D9D2EF2DC9B8E2001BF62B /* Sources */ = {
			isa = PBXSourcesBuildPhase;
			buildActionMask = 2147483647;
			files = (
				F8D9D2F72DC9B8E2001BF62B /* AppDelegate.swift in Sources */,
				F8D9D2F92DC9B8E2001BF62B /* SceneDelegate.swift in Sources */,
				F8D9D2FB2DC9B8E2001BF62B /* ContentView.swift in Sources */,
				F8D9D3022DC9B8E3001BF62B /* WebContentManager.swift in Sources */,
				F8D9D3052DC9B8E3001BF62B /* ViewController.swift in Sources */,
			);
			runOnlyForDeploymentPostprocessing = 0;
		};
		F8D9D2FC2DC9B8E3001BF62B /* Sources */ = {
			isa = PBXSourcesBuildPhase;
			buildActionMask = 2147483647;
			files = (
			);
			runOnlyForDeploymentPostprocessing = 0;
		};
		F8D9D3062DC9B8E3001BF62B /* Sources */ = {
			isa = PBXSourcesBuildPhase;
			buildActionMask = 2147483647;
			files = (
			);
			runOnlyForDeploymentPostprocessing = 0;
		};
/* End PBXSourcesBuildPhase section */

/* Begin PBXTargetDependency section */
		F8D9D3022DC9B8E3001BF62B /* PBXTargetDependency */ = {
			isa = PBXTargetDependency;
			target = F8D9D2F22DC9B8E2001BF62B /* OfflineTube */;
			targetProxy = F8D9D3012DC9B8E3001BF62B /* PBXContainerItemProxy */;
		};
		F8D9D30C2DC9B8E3001BF62B /* PBXTargetDependency */ = {
			isa = PBXTargetDependency;
			target = F8D9D2F22DC9B8E2001BF62B /* OfflineTube */;
			targetProxy = F8D9D30B2DC9B8E3001BF62B /* PBXContainerItemProxy */;
		};
/* End PBXTargetDependency section */

/* Begin XCBuildConfiguration section */
		F8D9D3122DC9B8E3001BF62B /* Debug */ = {
			isa = XCBuildConfiguration;
			buildSettings = {
				ALWAYS_SEARCH_USER_PATHS = NO;
				ASSETCATALOG_COMPILER_GENERATE_SWIFT_ASSET_SYMBOL_EXTENSIONS = YES;
				CLANG_ANALYZER_NONNULL = YES;
				CLANG_ANALYZER_NUMBER_OBJECT_CONVERSION = YES_AGGRESSIVE;
				CLANG_CXX_LANGUAGE_STANDARD = "gnu++20";
				CLANG_ENABLE_MODULES = YES;
				CLANG_ENABLE_OBJC_ARC = YES;
				CLANG_ENABLE_OBJC_WEAK = YES;
				CLANG_WARN_BLOCK_CAPTURE_AUTORELEASING = YES;
				CLANG_WARN_BOOL_CONVERSION = YES;
				CLANG_WARN_COMMA = YES;
				CLANG_WARN_CONSTANT_CONVERSION = YES;
				CLANG_WARN_DEPRECATED_OBJC_IMPLEMENTATIONS = YES;
				CLANG_WARN_DIRECT_OBJC_ISA_USAGE = YES_ERROR;
				CLANG_WARN_DOCUMENTATION_COMMENTS = YES;
				CLANG_WARN_EMPTY_BODY = YES;
				CLANG_WARN_ENUM_CONVERSION = YES;
				CLANG_WARN_INFINITE_RECURSION = YES;
				CLANG_WARN_INT_CONVERSION = YES;
				CLANG_WARN_NON_LITERAL_NULL_CONVERSION = YES;
				CLANG_WARN_OBJC_IMPLICIT_RETAIN_SELF = YES;
				CLANG_WARN_OBJC_LITERAL_CONVERSION = YES;
				CLANG_WARN_OBJC_ROOT_CLASS = YES_ERROR;
				CLANG_WARN_QUOTED_INCLUDE_IN_FRAMEWORK_HEADER = YES;
				CLANG_WARN_RANGE_LOOP_ANALYSIS = YES;
				CLANG_WARN_STRICT_PROTOTYPES = YES;
				CLANG_WARN_SUSPICIOUS_MOVE = YES;
				CLANG_WARN_UNGUARDED_AVAILABILITY = YES_AGGRESSIVE;
				CLANG_WARN_UNREACHABLE_CODE = YES;
				CLANG_WARN__DUPLICATE_METHOD_MATCH = YES;
				COPY_PHASE_STRIP = NO;
				DEBUG_INFORMATION_FORMAT = dwarf;
				DEVELOPMENT_TEAM = R9227CJSAP;
				ENABLE_STRICT_OBJC_MSGSEND = YES;
				ENABLE_TESTABILITY = YES;
				ENABLE_USER_SCRIPT_SANDBOXING = YES;
				GCC_C_LANGUAGE_STANDARD = gnu17;
				GCC_DYNAMIC_NO_PIC = NO;
				GCC_NO_COMMON_BLOCKS = YES;
				GCC_OPTIMIZATION_LEVEL = 0;
				GCC_PREPROCESSOR_DEFINITIONS = (
					"DEBUG=1",
					"$(inherited)",
				);
				GCC_WARN_64_TO_32_BIT_CONVERSION = YES;
				GCC_WARN_ABOUT_RETURN_TYPE = YES_ERROR;
				GCC_WARN_UNDECLARED_SELECTOR = YES;
				GCC_WARN_UNINITIALIZED_AUTOS = YES_AGGRESSIVE;
				GCC_WARN_UNUSED_FUNCTION = YES;
				GCC_WARN_UNUSED_VARIABLE = YES;
				IPHONEOS_DEPLOYMENT_TARGET = 18.4;
				LOCALIZATION_PREFERS_STRING_CATALOGS = YES;
				MTL_ENABLE_DEBUG_INFO = INCLUDE_SOURCE;
				MTL_FAST_MATH = YES;
				ONLY_ACTIVE_ARCH = YES;
				SDKROOT = iphoneos;
				SWIFT_ACTIVE_COMPILATION_CONDITIONS = "DEBUG $(inherited)";
				SWIFT_OPTIMIZATION_LEVEL = "-Onone";
			};
			name = Debug;
		};
		F8D9D3132DC9B8E3001BF62B /* Release */ = {
			isa = XCBuildConfiguration;
			buildSettings = {
				ALWAYS_SEARCH_USER_PATHS = NO;
				ASSETCATALOG_COMPILER_GENERATE_SWIFT_ASSET_SYMBOL_EXTENSIONS = YES;
				CLANG_ANALYZER_NONNULL = YES;
				CLANG_ANALYZER_NUMBER_OBJECT_CONVERSION = YES_AGGRESSIVE;
				CLANG_CXX_LANGUAGE_STANDARD = "gnu++20";
				CLANG_ENABLE_MODULES = YES;
				CLANG_ENABLE_OBJC_ARC = YES;
				CLANG_ENABLE_OBJC_WEAK = YES;
				CLANG_WARN_BLOCK_CAPTURE_AUTORELEASING = YES;
				CLANG_WARN_BOOL_CONVERSION = YES;
				CLANG_WARN_COMMA = YES;
				CLANG_WARN_CONSTANT_CONVERSION = YES;
				CLANG_WARN_DEPRECATED_OBJC_IMPLEMENTATIONS = YES;
				CLANG_WARN_DIRECT_OBJC_ISA_USAGE = YES_ERROR;
				CLANG_WARN_DOCUMENTATION_COMMENTS = YES;
				CLANG_WARN_EMPTY_BODY = YES;
				CLANG_WARN_ENUM_CONVERSION = YES;
				CLANG_WARN_INFINITE_RECURSION = YES;
				CLANG_WARN_INT_CONVERSION = YES;
				CLANG_WARN_NON_LITERAL_NULL_CONVERSION = YES;
				CLANG_WARN_OBJC_IMPLICIT_RETAIN_SELF = YES;
				CLANG_WARN_OBJC_LITERAL_CONVERSION = YES;
				CLANG_WARN_OBJC_ROOT_CLASS = YES_ERROR;
				CLANG_WARN_QUOTED_INCLUDE_IN_FRAMEWORK_HEADER = YES;
				CLANG_WARN_RANGE_LOOP_ANALYSIS = YES;
				CLANG_WARN_STRICT_PROTOTYPES = YES;
				CLANG_WARN_SUSPICIOUS_MOVE = YES;
				CLANG_WARN_UNGUARDED_AVAILABILITY = YES_AGGRESSIVE;
				CLANG_WARN_UNREACHABLE_CODE = YES;
				CLANG_WARN__DUPLICATE_METHOD_MATCH = YES;
				COPY_PHASE_STRIP = NO;
				DEBUG_INFORMATION_FORMAT = "dwarf-with-dsym";
				DEVELOPMENT_TEAM = R9227CJSAP;
				ENABLE_NS_ASSERTIONS = NO;
				ENABLE_STRICT_OBJC_MSGSEND = YES;
				ENABLE_USER_SCRIPT_SANDBOXING = YES;
				GCC_C_LANGUAGE_STANDARD = gnu17;
				GCC_NO_COMMON_BLOCKS = YES;
				GCC_WARN_64_TO_32_BIT_CONVERSION = YES;
				GCC_WARN_ABOUT_RETURN_TYPE = YES_ERROR;
				GCC_WARN_UNDECLARED_SELECTOR = YES;
				GCC_WARN_UNINITIALIZED_AUTOS = YES_AGGRESSIVE;
				GCC_WARN_UNUSED_FUNCTION = YES;
				GCC_WARN_UNUSED_VARIABLE = YES;
				IPHONEOS_DEPLOYMENT_TARGET = 18.4;
				LOCALIZATION_PREFERS_STRING_CATALOGS = YES;
				MTL_ENABLE_DEBUG_INFO = NO;
				MTL_FAST_MATH = YES;
				SDKROOT = iphoneos;
				SWIFT_COMPILATION_MODE = wholemodule;
				VALIDATE_PRODUCT = YES;
			};
			name = Release;
		};
		F8D9D3152DC9B8E3001BF62B /* Debug */ = {
			isa = XCBuildConfiguration;
			baseConfigurationReference = 0BE052C3B38266473DF44BF6 /* Pods-OfflineTube.debug.xcconfig */;
			buildSettings = {
				ASSETCATALOG_COMPILER_APPICON_NAME = AppIcon;
				ASSETCATALOG_COMPILER_GLOBAL_ACCENT_COLOR_NAME = AccentColor;
				CODE_SIGN_STYLE = Automatic;
				CURRENT_PROJECT_VERSION = 1;
				DEVELOPMENT_TEAM = R9227CJSAP;
				ENABLE_PREVIEWS = YES;
				GENERATE_INFOPLIST_FILE = YES;
				INFOPLIST_KEY_UIApplicationSceneManifest_Generation = YES;
				INFOPLIST_KEY_UIApplicationSupportsIndirectInputEvents = YES;
				INFOPLIST_KEY_UILaunchScreen_Generation = YES;
				INFOPLIST_KEY_UISupportedInterfaceOrientations_iPad = "UIInterfaceOrientationPortrait UIInterfaceOrientationPortraitUpsideDown UIInterfaceOrientationLandscapeLeft UIInterfaceOrientationLandscapeRight";
				INFOPLIST_KEY_UISupportedInterfaceOrientations_iPhone = "UIInterfaceOrientationPortrait UIInterfaceOrientationLandscapeLeft UIInterfaceOrientationLandscapeRight";
				LD_RUNPATH_SEARCH_PATHS = (
					"$(inherited)",
					"@executable_path/Frameworks",
				);
				MARKETING_VERSION = 1.0;
				PRODUCT_BUNDLE_IDENTIFIER = li.dimitrov.OfflineTube;
				PRODUCT_NAME = "$(TARGET_NAME)";
				SWIFT_EMIT_LOC_STRINGS = YES;
				SWIFT_VERSION = 5.0;
				TARGETED_DEVICE_FAMILY = "1,2";
			};
			name = Debug;
		};
		F8D9D3162DC9B8E3001BF62B /* Release */ = {
			isa = XCBuildConfiguration;
			baseConfigurationReference = 41E271AC07E644B90CFCB663 /* Pods-OfflineTube.release.xcconfig */;
			buildSettings = {
				ASSETCATALOG_COMPILER_APPICON_NAME = AppIcon;
				ASSETCATALOG_COMPILER_GLOBAL_ACCENT_COLOR_NAME = AccentColor;
				CODE_SIGN_STYLE = Automatic;
				CURRENT_PROJECT_VERSION = 1;
				DEVELOPMENT_TEAM = R9227CJSAP;
				ENABLE_PREVIEWS = YES;
				GENERATE_INFOPLIST_FILE = YES;
				INFOPLIST_KEY_UIApplicationSceneManifest_Generation = YES;
				INFOPLIST_KEY_UIApplicationSupportsIndirectInputEvents = YES;
				INFOPLIST_KEY_UILaunchScreen_Generation = YES;
				INFOPLIST_KEY_UISupportedInterfaceOrientations_iPad = "UIInterfaceOrientationPortrait UIInterfaceOrientationPortraitUpsideDown UIInterfaceOrientationLandscapeLeft UIInterfaceOrientationLandscapeRight";
				INFOPLIST_KEY_UISupportedInterfaceOrientations_iPhone = "UIInterfaceOrientationPortrait UIInterfaceOrientationLandscapeLeft UIInterfaceOrientationLandscapeRight";
				LD_RUNPATH_SEARCH_PATHS = (
					"$(inherited)",
					"@executable_path/Frameworks",
				);
				MARKETING_VERSION = 1.0;
				PRODUCT_BUNDLE_IDENTIFIER = li.dimitrov.OfflineTube;
				PRODUCT_NAME = "$(TARGET_NAME)";
				SWIFT_EMIT_LOC_STRINGS = YES;
				SWIFT_VERSION = 5.0;
				TARGETED_DEVICE_FAMILY = "1,2";
			};
			name = Release;
		};
		F8D9D3182DC9B8E3001BF62B /* Debug */ = {
			isa = XCBuildConfiguration;
			buildSettings = {
				BUNDLE_LOADER = "$(TEST_HOST)";
				CODE_SIGN_STYLE = Automatic;
				CURRENT_PROJECT_VERSION = 1;
				DEVELOPMENT_TEAM = R9227CJSAP;
				GENERATE_INFOPLIST_FILE = YES;
				IPHONEOS_DEPLOYMENT_TARGET = 18.4;
				MARKETING_VERSION = 1.0;
				PRODUCT_BUNDLE_IDENTIFIER = li.dimitrov.OfflineTubeTests;
				PRODUCT_NAME = "$(TARGET_NAME)";
				SWIFT_EMIT_LOC_STRINGS = NO;
				SWIFT_VERSION = 5.0;
				TARGETED_DEVICE_FAMILY = "1,2";
				TEST_HOST = "$(BUILT_PRODUCTS_DIR)/OfflineTube.app/$(BUNDLE_EXECUTABLE_FOLDER_PATH)/OfflineTube";
			};
			name = Debug;
		};
		F8D9D3192DC9B8E3001BF62B /* Release */ = {
			isa = XCBuildConfiguration;
			buildSettings = {
				BUNDLE_LOADER = "$(TEST_HOST)";
				CODE_SIGN_STYLE = Automatic;
				CURRENT_PROJECT_VERSION = 1;
				DEVELOPMENT_TEAM = R9227CJSAP;
				GENERATE_INFOPLIST_FILE = YES;
				IPHONEOS_DEPLOYMENT_TARGET = 18.4;
				MARKETING_VERSION = 1.0;
				PRODUCT_BUNDLE_IDENTIFIER = li.dimitrov.OfflineTubeTests;
				PRODUCT_NAME = "$(TARGET_NAME)";
				SWIFT_EMIT_LOC_STRINGS = NO;
				SWIFT_VERSION = 5.0;
				TARGETED_DEVICE_FAMILY = "1,2";
				TEST_HOST = "$(BUILT_PRODUCTS_DIR)/OfflineTube.app/$(BUNDLE_EXECUTABLE_FOLDER_PATH)/OfflineTube";
			};
			name = Release;
		};
		F8D9D31B2DC9B8E3001BF62B /* Debug */ = {
			isa = XCBuildConfiguration;
			buildSettings = {
				CODE_SIGN_STYLE = Automatic;
				CURRENT_PROJECT_VERSION = 1;
				DEVELOPMENT_TEAM = R9227CJSAP;
				GENERATE_INFOPLIST_FILE = YES;
				MARKETING_VERSION = 1.0;
				PRODUCT_BUNDLE_IDENTIFIER = li.dimitrov.OfflineTubeUITests;
				PRODUCT_NAME = "$(TARGET_NAME)";
				SWIFT_EMIT_LOC_STRINGS = NO;
				SWIFT_VERSION = 5.0;
				TARGETED_DEVICE_FAMILY = "1,2";
				TEST_TARGET_NAME = OfflineTube;
			};
			name = Debug;
		};
		F8D9D31C2DC9B8E3001BF62B /* Release */ = {
			isa = XCBuildConfiguration;
			buildSettings = {
				CODE_SIGN_STYLE = Automatic;
				CURRENT_PROJECT_VERSION = 1;
				DEVELOPMENT_TEAM = R9227CJSAP;
				GENERATE_INFOPLIST_FILE = YES;
				MARKETING_VERSION = 1.0;
				PRODUCT_BUNDLE_IDENTIFIER = li.dimitrov.OfflineTubeUITests;
				PRODUCT_NAME = "$(TARGET_NAME)";
				SWIFT_EMIT_LOC_STRINGS = NO;
				SWIFT_VERSION = 5.0;
				TARGETED_DEVICE_FAMILY = "1,2";
				TEST_TARGET_NAME = OfflineTube;
			};
			name = Release;
		};
/* End XCBuildConfiguration section */

/* Begin XCConfigurationList section */
		F8D9D2EE2DC9B8E2001BF62B /* Build configuration list for PBXProject "OfflineTube" */ = {
			isa = XCConfigurationList;
			buildConfigurations = (
				F8D9D3122DC9B8E3001BF62B /* Debug */,
				F8D9D3132DC9B8E3001BF62B /* Release */,
			);
			defaultConfigurationIsVisible = 0;
			defaultConfigurationName = Release;
		};
		F8D9D3142DC9B8E3001BF62B /* Build configuration list for PBXNativeTarget "OfflineTube" */ = {
			isa = XCConfigurationList;
			buildConfigurations = (
				F8D9D3152DC9B8E3001BF62B /* Debug */,
				F8D9D3162DC9B8E3001BF62B /* Release */,
			);
			defaultConfigurationIsVisible = 0;
			defaultConfigurationName = Release;
		};
		F8D9D3172DC9B8E3001BF62B /* Build configuration list for PBXNativeTarget "OfflineTubeTests" */ = {
			isa = XCConfigurationList;
			buildConfigurations = (
				F8D9D3182DC9B8E3001BF62B /* Debug */,
				F8D9D3192DC9B8E3001BF62B /* Release */,
			);
			defaultConfigurationIsVisible = 0;
			defaultConfigurationName = Release;
		};
		F8D9D31A2DC9B8E3001BF62B /* Build configuration list for PBXNativeTarget "OfflineTubeUITests" */ = {
			isa = XCConfigurationList;
			buildConfigurations = (
				F8D9D31B2DC9B8E3001BF62B /* Debug */,
				F8D9D31C2DC9B8E3001BF62B /* Release */,
			);
			defaultConfigurationIsVisible = 0;
			defaultConfigurationName = Release;
		};
/* End XCConfigurationList section */
	};
	rootObject = F8D9D2EB2DC9B8E2001BF62B /* Project object */;
}
